
Microsoft Visual Studio Solution File, Format Version 12.00
# Visual Studio Version 17
VisualStudioVersion = 17.5.33627.172
MinimumVisualStudioVersion = 10.0.40219.1
Project("{9A19103F-16F7-4668-BE54-9A1E7A4F7556}") = "CityLibrary", "CityLibrary\CityLibrary.csproj", "{1497945E-62F0-4B91-A2C2-2A0F85BB7E61}"
EndProject
Project("{FAE04EC0-301F-11D3-BF4B-00C04F79EFBC}") = "CityForms", "CitiForms\CityForms.csproj", "{8728DCCE-932C-4124-B5A9-3C17661A9989}"
EndProject
Global
	GlobalSection(SolutionConfigurationPlatforms) = preSolution
		Debug|Any CPU = Debug|Any CPU
		Release|Any CPU = Release|Any CPU
	EndGlobalSection
	GlobalSection(ProjectConfigurationPlatforms) = postSolution
		{1497945E-62F0-4B91-A2C2-2A0F85BB7E61}.Debug|Any CPU.ActiveCfg = Debug|Any CPU
		{1497945E-62F0-4B91-A2C2-2A0F85BB7E61}.Debug|Any CPU.Build.0 = Debug|Any CPU
		{1497945E-62F0-4B91-A2C2-2A0F85BB7E61}.Release|Any CPU.ActiveCfg = Release|Any CPU
		{1497945E-62F0-4B91-A2C2-2A0F85BB7E61}.Release|Any CPU.Build.0 = Release|Any CPU
		{8728DCCE-932C-4124-B5A9-3C17661A9989}.Debug|Any CPU.ActiveCfg = Debug|Any CPU
		{8728DCCE-932C-4124-B5A9-3C17661A9989}.Debug|Any CPU.Build.0 = Debug|Any CPU
		{8728DCCE-932C-4124-B5A9-3C17661A9989}.Release|Any CPU.ActiveCfg = Release|Any CPU
		{8728DCCE-932C-4124-B5A9-3C17661A9989}.Release|Any CPU.Build.0 = Release|Any CPU
	EndGlobalSection
	GlobalSection(SolutionProperties) = preSolution
		HideSolutionNode = FALSE
	EndGlobalSection
	GlobalSection(ExtensibilityGlobals) = postSolution
		SolutionGuid = {6F638759-36CE-4FBB-AA83-FEE50276A1FE}
	EndGlobalSection
EndGlobal
