
Microsoft Visual Studio Solution File, Format Version 12.00
# Visual Studio 15
VisualStudioVersion = 15.0.27703.2047
MinimumVisualStudioVersion = 10.0.40219.1
Project("{FAE04EC0-301F-11D3-BF4B-00C04F79EFBC}") = "CityLibrary", "CityLibrary\CityLibrary.csproj", "{1497945E-62F0-4B91-A2C2-2A0F85BB7E61}"
EndProject
Global
	GlobalSection(SolutionConfigurationPlatforms) = preSolution
		Debug|Any CPU = Debug|Any CPU
		Release|Any CPU = Release|Any CPU
	EndGlobalSection
	GlobalSection(ProjectConfigurationPlatforms) = postSolution
		{1497945E-62F0-4B91-A2C2-2A0F85BB7E61}.Debug|Any CPU.ActiveCfg = Debug|Any CPU
		{1497945E-62F0-4B91-A2C2-2A0F85BB7E61}.Debug|Any CPU.Build.0 = Debug|Any CPU
		{1497945E-62F0-4B91-A2C2-2A0F85BB7E61}.Release|Any CPU.ActiveCfg = Release|Any CPU
		{1497945E-62F0-4B91-A2C2-2A0F85BB7E61}.Release|Any CPU.Build.0 = Release|Any CPU
	EndGlobalSection
	GlobalSection(SolutionProperties) = preSolution
		HideSolutionNode = FALSE
	EndGlobalSection
	GlobalSection(ExtensibilityGlobals) = postSolution
		SolutionGuid = {6F638759-36CE-4FBB-AA83-FEE50276A1FE}
	EndGlobalSection
EndGlobal
